<Solution>
  <Folder Name="/src/">
    <Project Path="src/CilComplexityAnalyzer.ContainerWorker/CilComplexityAnalyzer.ContainerWorker.csproj" />
    <Project Path="src/CilComplexityAnalyzer.TestExecutor/CilComplexityAnalyzer.TestExecutor.csproj" />
    <Project Path="src\CilComplexityAnalyzer.TestFramework\CilComplexityAnalyzer.TestFramework.csproj" />
  </Folder>
  <Folder Name="/tests/">
    <Project Path="tests/CilComplexityAnalyzer.ContainerWorker.Tests/CilComplexityAnalyzer.ContainerWorker.Tests.csproj" />
    <Project Path="tests/CilComplexityAnalyzer.TestExecutor.Tests/CilComplexityAnalyzer.TestExecutor.Tests.csproj" />
    <Project Path="tests\CilComplexityAnalyzer.TestFramework.Tests\CilComplexityAnalyzer.TestFramework.Tests.csproj" />
  </Folder>
</Solution>
